
Microsoft Visual Studio Solution File, Format Version 12.00
# Visual Studio Version 17
VisualStudioVersion = 17.10.35122.118
MinimumVisualStudioVersion = 10.0.40219.1
Project("{FAE04EC0-301F-11D3-BF4B-00C04F79EFBC}") = "TravelLite.SignalR", "TravelLite.SignalR\TravelLite.SignalR.csproj", "{C2275F43-2B2B-46CB-B998-5EF3958B030E}"
EndProject
Global
	GlobalSection(SolutionConfigurationPlatforms) = preSolution
		Debug|Any CPU = Debug|Any CPU
		Release|Any CPU = Release|Any CPU
	EndGlobalSection
	GlobalSection(ProjectConfigurationPlatforms) = postSolution
		{C2275F43-2B2B-46CB-B998-5EF3958B030E}.Debug|Any CPU.ActiveCfg = Debug|Any CPU
		{C2275F43-2B2B-46CB-B998-5EF3958B030E}.Debug|Any CPU.Build.0 = Debug|Any CPU
		{C2275F43-2B2B-46CB-B998-5EF3958B030E}.Release|Any CPU.ActiveCfg = Release|Any CPU
		{C2275F43-2B2B-46CB-B998-5EF3958B030E}.Release|Any CPU.Build.0 = Release|Any CPU
	EndGlobalSection
	GlobalSection(SolutionProperties) = preSolution
		HideSolutionNode = FALSE
	EndGlobalSection
	GlobalSection(ExtensibilityGlobals) = postSolution
		SolutionGuid = {F62F7464-A66F-4B57-9DC8-1036A8FA4A08}
	EndGlobalSection
EndGlobal
